// !$*UTF8*$!
{
	archiveVersion = 1;
	classes = {
	};
	objectVersion = 56;
	objects = {

/* Begin PBXBuildFile section */
		8F1D62ED2B0D7A3D001DF929 /* UserModel.swift in Sources */ = {isa = PBXBuildFile; fileRef = 8F1D62EC2B0D7A3D001DF929 /* UserModel.swift */; };
		8F1D62F02B0D7D72001DF929 /* UserService.swift in Sources */ = {isa = PBXBuildFile; fileRef = 8F1D62EF2B0D7D72001DF929 /* UserService.swift */; };
		8F1D62F32B0D8234001DF929 /* UserViewModel.swift in Sources */ = {isa = PBXBuildFile; fileRef = 8F1D62F22B0D8234001DF929 /* UserViewModel.swift */; };
		8F5196EC2B054E1200A0A932 /* AppDelegate.swift in Sources */ = {isa = PBXBuildFile; fileRef = 8F5196EB2B054E1200A0A932 /* AppDelegate.swift */; };
		8F5196EE2B054E1200A0A932 /* SceneDelegate.swift in Sources */ = {isa = PBXBuildFile; fileRef = 8F5196ED2B054E1200A0A932 /* SceneDelegate.swift */; };
		8F5196F02B054E1200A0A932 /* ViewController.swift in Sources */ = {isa = PBXBuildFile; fileRef = 8F5196EF2B054E1200A0A932 /* ViewController.swift */; };
		8F5196F32B054E1200A0A932 /* Main.storyboard in Resources */ = {isa = PBXBuildFile; fileRef = 8F5196F12B054E1200A0A932 /* Main.storyboard */; };
		8F5196F52B054E1300A0A932 /* Assets.xcassets in Resources */ = {isa = PBXBuildFile; fileRef = 8F5196F42B054E1300A0A932 /* Assets.xcassets */; };
		8F5196F82B054E1300A0A932 /* LaunchScreen.storyboard in Resources */ = {isa = PBXBuildFile; fileRef = 8F5196F62B054E1300A0A932 /* LaunchScreen.storyboard */; };
		8FA669472B10286A00F012D9 /* UIImageView+DownloadImage.swift in Sources */ = {isa = PBXBuildFile; fileRef = 8FA669462B10286A00F012D9 /* UIImageView+DownloadImage.swift */; };
		8FDE82DC2B154D7A00C6CB1A /* DetailViewController.swift in Sources */ = {isa = PBXBuildFile; fileRef = 8FDE82DB2B154D7A00C6CB1A /* DetailViewController.swift */; };
		8FF394E42B0ED79700522174 /* UserTableViewCell.swift in Sources */ = {isa = PBXBuildFile; fileRef = 8FF394E22B0ED79700522174 /* UserTableViewCell.swift */; };
		8FF394E52B0ED79700522174 /* UserTableViewCell.xib in Resources */ = {isa = PBXBuildFile; fileRef = 8FF394E32B0ED79700522174 /* UserTableViewCell.xib */; };
		F4FA4C4C739381D5296D265D /* Pods_contactsRxSwift.framework in Frameworks */ = {isa = PBXBuildFile; fileRef = 0739909057148A9C5EBB50FD /* Pods_contactsRxSwift.framework */; };
/* End PBXBuildFile section */

/* Begin PBXFileReference section */
		0739909057148A9C5EBB50FD /* Pods_contactsRxSwift.framework */ = {isa = PBXFileReference; explicitFileType = wrapper.framework; includeInIndex = 0; path = Pods_contactsRxSwift.framework; sourceTree = BUILT_PRODUCTS_DIR; };
		4925F2E51D9343D969B0ADA1 /* Pods-contactsRxSwift.release.xcconfig */ = {isa = PBXFileReference; includeInIndex = 1; lastKnownFileType = text.xcconfig; name = "Pods-contactsRxSwift.release.xcconfig"; path = "Target Support Files/Pods-contactsRxSwift/Pods-contactsRxSwift.release.xcconfig"; sourceTree = "<group>"; };
		8F1D62EC2B0D7A3D001DF929 /* UserModel.swift */ = {isa = PBXFileReference; lastKnownFileType = sourcecode.swift; path = UserModel.swift; sourceTree = "<group>"; };
		8F1D62EF2B0D7D72001DF929 /* UserService.swift */ = {isa = PBXFileReference; lastKnownFileType = sourcecode.swift; path = UserService.swift; sourceTree = "<group>"; };
		8F1D62F22B0D8234001DF929 /* UserViewModel.swift */ = {isa = PBXFileReference; lastKnownFileType = sourcecode.swift; path = UserViewModel.swift; sourceTree = "<group>"; };
		8F5196E82B054E1200A0A932 /* contactsRxSwift.app */ = {isa = PBXFileReference; explicitFileType = wrapper.application; includeInIndex = 0; path = contactsRxSwift.app; sourceTree = BUILT_PRODUCTS_DIR; };
		8F5196EB2B054E1200A0A932 /* AppDelegate.swift */ = {isa = PBXFileReference; lastKnownFileType = sourcecode.swift; path = AppDelegate.swift; sourceTree = "<group>"; };
		8F5196ED2B054E1200A0A932 /* SceneDelegate.swift */ = {isa = PBXFileReference; lastKnownFileType = sourcecode.swift; path = SceneDelegate.swift; sourceTree = "<group>"; };
		8F5196EF2B054E1200A0A932 /* ViewController.swift */ = {isa = PBXFileReference; lastKnownFileType = sourcecode.swift; path = ViewController.swift; sourceTree = "<group>"; };
		8F5196F22B054E1200A0A932 /* Base */ = {isa = PBXFileReference; lastKnownFileType = file.storyboard; name = Base; path = Base.lproj/Main.storyboard; sourceTree = "<group>"; };
		8F5196F42B054E1300A0A932 /* Assets.xcassets */ = {isa = PBXFileReference; lastKnownFileType = folder.assetcatalog; path = Assets.xcassets; sourceTree = "<group>"; };
		8F5196F72B054E1300A0A932 /* Base */ = {isa = PBXFileReference; lastKnownFileType = file.storyboard; name = Base; path = Base.lproj/LaunchScreen.storyboard; sourceTree = "<group>"; };
		8F5196F92B054E1300A0A932 /* Info.plist */ = {isa = PBXFileReference; lastKnownFileType = text.plist.xml; path = Info.plist; sourceTree = "<group>"; };
		8FA669462B10286A00F012D9 /* UIImageView+DownloadImage.swift */ = {isa = PBXFileReference; lastKnownFileType = sourcecode.swift; path = "UIImageView+DownloadImage.swift"; sourceTree = "<group>"; };
		8FDE82DB2B154D7A00C6CB1A /* DetailViewController.swift */ = {isa = PBXFileReference; lastKnownFileType = sourcecode.swift; path = DetailViewController.swift; sourceTree = "<group>"; };
		8FF394E22B0ED79700522174 /* UserTableViewCell.swift */ = {isa = PBXFileReference; lastKnownFileType = sourcecode.swift; path = UserTableViewCell.swift; sourceTree = "<group>"; };
		8FF394E32B0ED79700522174 /* UserTableViewCell.xib */ = {isa = PBXFileReference; lastKnownFileType = file.xib; path = UserTableViewCell.xib; sourceTree = "<group>"; };
		D027FB12475177FA220EDBB4 /* Pods-contactsRxSwift.debug.xcconfig */ = {isa = PBXFileReference; includeInIndex = 1; lastKnownFileType = text.xcconfig; name = "Pods-contactsRxSwift.debug.xcconfig"; path = "Target Support Files/Pods-contactsRxSwift/Pods-contactsRxSwift.debug.xcconfig"; sourceTree = "<group>"; };
/* End PBXFileReference section */

/* Begin PBXFrameworksBuildPhase section */
		8F5196E52B054E1200A0A932 /* Frameworks */ = {
			isa = PBXFrameworksBuildPhase;
			buildActionMask = 2147483647;
			files = (
				F4FA4C4C739381D5296D265D /* Pods_contactsRxSwift.framework in Frameworks */,
			);
			runOnlyForDeploymentPostprocessing = 0;
		};
/* End PBXFrameworksBuildPhase section */

/* Begin PBXGroup section */
		04C32E3B5B697292E3D2DB25 /* Frameworks */ = {
			isa = PBXGroup;
			children = (
				0739909057148A9C5EBB50FD /* Pods_contactsRxSwift.framework */,
			);
			name = Frameworks;
			sourceTree = "<group>";
		};
		8F1D62EB2B0D747D001DF929 /* Models */ = {
			isa = PBXGroup;
			children = (
				8F1D62EC2B0D7A3D001DF929 /* UserModel.swift */,
			);
			path = Models;
			sourceTree = "<group>";
		};
		8F1D62EE2B0D7BCD001DF929 /* Services */ = {
			isa = PBXGroup;
			children = (
				8F1D62EF2B0D7D72001DF929 /* UserService.swift */,
			);
			path = Services;
			sourceTree = "<group>";
		};
		8F1D62F12B0D8223001DF929 /* ViewModels */ = {
			isa = PBXGroup;
			children = (
				8F1D62F22B0D8234001DF929 /* UserViewModel.swift */,
			);
			path = ViewModels;
			sourceTree = "<group>";
		};
		8F1D62F42B0D84B6001DF929 /* Views */ = {
			isa = PBXGroup;
			children = (
				8FF394E12B0ED77700522174 /* Cells */,
			);
			path = Views;
			sourceTree = "<group>";
		};
		8F5196DF2B054E1200A0A932 = {
			isa = PBXGroup;
			children = (
				8F5196EA2B054E1200A0A932 /* contactsRxSwift */,
				8F5196E92B054E1200A0A932 /* Products */,
				D7AEF3D78F205231EA645387 /* Pods */,
				04C32E3B5B697292E3D2DB25 /* Frameworks */,
			);
			sourceTree = "<group>";
		};
		8F5196E92B054E1200A0A932 /* Products */ = {
			isa = PBXGroup;
			children = (
				8F5196E82B054E1200A0A932 /* contactsRxSwift.app */,
			);
			name = Products;
			sourceTree = "<group>";
		};
		8F5196EA2B054E1200A0A932 /* contactsRxSwift */ = {
			isa = PBXGroup;
			children = (
				8FDE82DA2B154D5800C6CB1A /* Controllers */,
				8FA669442B10283D00F012D9 /* Utils */,
				8F1D62F42B0D84B6001DF929 /* Views */,
				8F1D62F12B0D8223001DF929 /* ViewModels */,
				8F1D62EE2B0D7BCD001DF929 /* Services */,
				8F1D62EB2B0D747D001DF929 /* Models */,
				8F5196EB2B054E1200A0A932 /* AppDelegate.swift */,
				8F5196ED2B054E1200A0A932 /* SceneDelegate.swift */,
				8F5196F12B054E1200A0A932 /* Main.storyboard */,
				8F5196F42B054E1300A0A932 /* Assets.xcassets */,
				8F5196F62B054E1300A0A932 /* LaunchScreen.storyboard */,
				8F5196F92B054E1300A0A932 /* Info.plist */,
			);
			path = contactsRxSwift;
			sourceTree = "<group>";
		};
		8FA669442B10283D00F012D9 /* Utils */ = {
			isa = PBXGroup;
			children = (
				8FA669452B10284200F012D9 /* Extensions */,
			);
			path = Utils;
			sourceTree = "<group>";
		};
		8FA669452B10284200F012D9 /* Extensions */ = {
			isa = PBXGroup;
			children = (
				8FA669462B10286A00F012D9 /* UIImageView+DownloadImage.swift */,
			);
			name = Extensions;
			sourceTree = "<group>";
		};
		8FDE82DA2B154D5800C6CB1A /* Controllers */ = {
			isa = PBXGroup;
			children = (
				8F5196EF2B054E1200A0A932 /* ViewController.swift */,
				8FDE82DB2B154D7A00C6CB1A /* DetailViewController.swift */,
			);
			path = Controllers;
			sourceTree = "<group>";
		};
		8FF394E12B0ED77700522174 /* Cells */ = {
			isa = PBXGroup;
			children = (
				8FF394E22B0ED79700522174 /* UserTableViewCell.swift */,
				8FF394E32B0ED79700522174 /* UserTableViewCell.xib */,
			);
			path = Cells;
			sourceTree = "<group>";
		};
		D7AEF3D78F205231EA645387 /* Pods */ = {
			isa = PBXGroup;
			children = (
				D027FB12475177FA220EDBB4 /* Pods-contactsRxSwift.debug.xcconfig */,
				4925F2E51D9343D969B0ADA1 /* Pods-contactsRxSwift.release.xcconfig */,
			);
			path = Pods;
			sourceTree = "<group>";
		};
/* End PBXGroup section */

/* Begin PBXNativeTarget section */
		8F5196E72B054E1200A0A932 /* contactsRxSwift */ = {
			isa = PBXNativeTarget;
			buildConfigurationList = 8F5196FC2B054E1300A0A932 /* Build configuration list for PBXNativeTarget "contactsRxSwift" */;
			buildPhases = (
				BDA2AFCBFCBAC0803F832384 /* [CP] Check Pods Manifest.lock */,
				8F5196E42B054E1200A0A932 /* Sources */,
				8F5196E52B054E1200A0A932 /* Frameworks */,
				8F5196E62B054E1200A0A932 /* Resources */,
				FD9B9A2A13ED53FE103159F0 /* [CP] Embed Pods Frameworks */,
			);
			buildRules = (
			);
			dependencies = (
			);
			name = contactsRxSwift;
			productName = contactsRxSwift;
			productReference = 8F5196E82B054E1200A0A932 /* contactsRxSwift.app */;
			productType = "com.apple.product-type.application";
		};
/* End PBXNativeTarget section */

/* Begin PBXProject section */
		8F5196E02B054E1200A0A932 /* Project object */ = {
			isa = PBXProject;
			attributes = {
				BuildIndependentTargetsInParallel = 1;
				LastSwiftUpdateCheck = 1500;
				LastUpgradeCheck = 1500;
				TargetAttributes = {
					8F5196E72B054E1200A0A932 = {
						CreatedOnToolsVersion = 15.0.1;
					};
				};
			};
			buildConfigurationList = 8F5196E32B054E1200A0A932 /* Build configuration list for PBXProject "contactsRxSwift" */;
			compatibilityVersion = "Xcode 14.0";
			developmentRegion = en;
			hasScannedForEncodings = 0;
			knownRegions = (
				en,
				Base,
			);
			mainGroup = 8F5196DF2B054E1200A0A932;
			productRefGroup = 8F5196E92B054E1200A0A932 /* Products */;
			projectDirPath = "";
			projectRoot = "";
			targets = (
				8F5196E72B054E1200A0A932 /* contactsRxSwift */,
			);
		};
/* End PBXProject section */

/* Begin PBXResourcesBuildPhase section */
		8F5196E62B054E1200A0A932 /* Resources */ = {
			isa = PBXResourcesBuildPhase;
			buildActionMask = 2147483647;
			files = (
				8FF394E52B0ED79700522174 /* UserTableViewCell.xib in Resources */,
				8F5196F82B054E1300A0A932 /* LaunchScreen.storyboard in Resources */,
				8F5196F52B054E1300A0A932 /* Assets.xcassets in Resources */,
				8F5196F32B054E1200A0A932 /* Main.storyboard in Resources */,
			);
			runOnlyForDeploymentPostprocessing = 0;
		};
/* End PBXResourcesBuildPhase section */

/* Begin PBXShellScriptBuildPhase section */
		BDA2AFCBFCBAC0803F832384 /* [CP] Check Pods Manifest.lock */ = {
			isa = PBXShellScriptBuildPhase;
			buildActionMask = 2147483647;
			files = (
			);
			inputFileListPaths = (
			);
			inputPaths = (
				"${PODS_PODFILE_DIR_PATH}/Podfile.lock",
				"${PODS_ROOT}/Manifest.lock",
			);
			name = "[CP] Check Pods Manifest.lock";
			outputFileListPaths = (
			);
			outputPaths = (
				"$(DERIVED_FILE_DIR)/Pods-contactsRxSwift-checkManifestLockResult.txt",
			);
			runOnlyForDeploymentPostprocessing = 0;
			shellPath = /bin/sh;
			shellScript = "diff \"${PODS_PODFILE_DIR_PATH}/Podfile.lock\" \"${PODS_ROOT}/Manifest.lock\" > /dev/null\nif [ $? != 0 ] ; then\n    # print error to STDERR\n    echo \"error: The sandbox is not in sync with the Podfile.lock. Run 'pod install' or update your CocoaPods installation.\" >&2\n    exit 1\nfi\n# This output is used by Xcode 'outputs' to avoid re-running this script phase.\necho \"SUCCESS\" > \"${SCRIPT_OUTPUT_FILE_0}\"\n";
			showEnvVarsInLog = 0;
		};
		FD9B9A2A13ED53FE103159F0 /* [CP] Embed Pods Frameworks */ = {
			isa = PBXShellScriptBuildPhase;
			buildActionMask = 2147483647;
			files = (
			);
			inputFileListPaths = (
				"${PODS_ROOT}/Target Support Files/Pods-contactsRxSwift/Pods-contactsRxSwift-frameworks-${CONFIGURATION}-input-files.xcfilelist",
			);
			name = "[CP] Embed Pods Frameworks";
			outputFileListPaths = (
				"${PODS_ROOT}/Target Support Files/Pods-contactsRxSwift/Pods-contactsRxSwift-frameworks-${CONFIGURATION}-output-files.xcfilelist",
			);
			runOnlyForDeploymentPostprocessing = 0;
			shellPath = /bin/sh;
			shellScript = "\"${PODS_ROOT}/Target Support Files/Pods-contactsRxSwift/Pods-contactsRxSwift-frameworks.sh\"\n";
			showEnvVarsInLog = 0;
		};
/* End PBXShellScriptBuildPhase section */

/* Begin PBXSourcesBuildPhase section */
		8F5196E42B054E1200A0A932 /* Sources */ = {
			isa = PBXSourcesBuildPhase;
			buildActionMask = 2147483647;
			files = (
				8FDE82DC2B154D7A00C6CB1A /* DetailViewController.swift in Sources */,
				8F5196F02B054E1200A0A932 /* ViewController.swift in Sources */,
				8F1D62F32B0D8234001DF929 /* UserViewModel.swift in Sources */,
				8F1D62F02B0D7D72001DF929 /* UserService.swift in Sources */,
				8FF394E42B0ED79700522174 /* UserTableViewCell.swift in Sources */,
				8F5196EC2B054E1200A0A932 /* AppDelegate.swift in Sources */,
				8FA669472B10286A00F012D9 /* UIImageView+DownloadImage.swift in Sources */,
				8F1D62ED2B0D7A3D001DF929 /* UserModel.swift in Sources */,
				8F5196EE2B054E1200A0A932 /* SceneDelegate.swift in Sources */,
			);
			runOnlyForDeploymentPostprocessing = 0;
		};
/* End PBXSourcesBuildPhase section */

/* Begin PBXVariantGroup section */
		8F5196F12B054E1200A0A932 /* Main.storyboard */ = {
			isa = PBXVariantGroup;
			children = (
				8F5196F22B054E1200A0A932 /* Base */,
			);
			name = Main.storyboard;
			sourceTree = "<group>";
		};
		8F5196F62B054E1300A0A932 /* LaunchScreen.storyboard */ = {
			isa = PBXVariantGroup;
			children = (
				8F5196F72B054E1300A0A932 /* Base */,
			);
			name = LaunchScreen.storyboard;
			sourceTree = "<group>";
		};
/* End PBXVariantGroup section */

/* Begin XCBuildConfiguration section */
		8F5196FA2B054E1300A0A932 /* Debug */ = {
			isa = XCBuildConfiguration;
			buildSettings = {
				ALWAYS_SEARCH_USER_PATHS = NO;
				ASSETCATALOG_COMPILER_GENERATE_SWIFT_ASSET_SYMBOL_EXTENSIONS = YES;
				CLANG_ANALYZER_NONNULL = YES;
				CLANG_ANALYZER_NUMBER_OBJECT_CONVERSION = YES_AGGRESSIVE;
				CLANG_CXX_LANGUAGE_STANDARD = "gnu++20";
				CLANG_ENABLE_MODULES = YES;
				CLANG_ENABLE_OBJC_ARC = YES;
				CLANG_ENABLE_OBJC_WEAK = YES;
				CLANG_WARN_BLOCK_CAPTURE_AUTORELEASING = YES;
				CLANG_WARN_BOOL_CONVERSION = YES;
				CLANG_WARN_COMMA = YES;
				CLANG_WARN_CONSTANT_CONVERSION = YES;
				CLANG_WARN_DEPRECATED_OBJC_IMPLEMENTATIONS = YES;
				CLANG_WARN_DIRECT_OBJC_ISA_USAGE = YES_ERROR;
				CLANG_WARN_DOCUMENTATION_COMMENTS = YES;
				CLANG_WARN_EMPTY_BODY = YES;
				CLANG_WARN_ENUM_CONVERSION = YES;
				CLANG_WARN_INFINITE_RECURSION = YES;
				CLANG_WARN_INT_CONVERSION = YES;
				CLANG_WARN_NON_LITERAL_NULL_CONVERSION = YES;
				CLANG_WARN_OBJC_IMPLICIT_RETAIN_SELF = YES;
				CLANG_WARN_OBJC_LITERAL_CONVERSION = YES;
				CLANG_WARN_OBJC_ROOT_CLASS = YES_ERROR;
				CLANG_WARN_QUOTED_INCLUDE_IN_FRAMEWORK_HEADER = YES;
				CLANG_WARN_RANGE_LOOP_ANALYSIS = YES;
				CLANG_WARN_STRICT_PROTOTYPES = YES;
				CLANG_WARN_SUSPICIOUS_MOVE = YES;
				CLANG_WARN_UNGUARDED_AVAILABILITY = YES_AGGRESSIVE;
				CLANG_WARN_UNREACHABLE_CODE = YES;
				CLANG_WARN__DUPLICATE_METHOD_MATCH = YES;
				COPY_PHASE_STRIP = NO;
				DEBUG_INFORMATION_FORMAT = dwarf;
				ENABLE_STRICT_OBJC_MSGSEND = YES;
				ENABLE_TESTABILITY = YES;
				ENABLE_USER_SCRIPT_SANDBOXING = YES;
				GCC_C_LANGUAGE_STANDARD = gnu17;
				GCC_DYNAMIC_NO_PIC = NO;
				GCC_NO_COMMON_BLOCKS = YES;
				GCC_OPTIMIZATION_LEVEL = 0;
				GCC_PREPROCESSOR_DEFINITIONS = (
					"DEBUG=1",
					"$(inherited)",
				);
				GCC_WARN_64_TO_32_BIT_CONVERSION = YES;
				GCC_WARN_ABOUT_RETURN_TYPE = YES_ERROR;
				GCC_WARN_UNDECLARED_SELECTOR = YES;
				GCC_WARN_UNINITIALIZED_AUTOS = YES_AGGRESSIVE;
				GCC_WARN_UNUSED_FUNCTION = YES;
				GCC_WARN_UNUSED_VARIABLE = YES;
				IPHONEOS_DEPLOYMENT_TARGET = 17.0;
				LOCALIZATION_PREFERS_STRING_CATALOGS = YES;
				MTL_ENABLE_DEBUG_INFO = INCLUDE_SOURCE;
				MTL_FAST_MATH = YES;
				ONLY_ACTIVE_ARCH = YES;
				SDKROOT = iphoneos;
				SWIFT_ACTIVE_COMPILATION_CONDITIONS = "DEBUG $(inherited)";
				SWIFT_OPTIMIZATION_LEVEL = "-Onone";
			};
			name = Debug;
		};
		8F5196FB2B054E1300A0A932 /* Release */ = {
			isa = XCBuildConfiguration;
			buildSettings = {
				ALWAYS_SEARCH_USER_PATHS = NO;
				ASSETCATALOG_COMPILER_GENERATE_SWIFT_ASSET_SYMBOL_EXTENSIONS = YES;
				CLANG_ANALYZER_NONNULL = YES;
				CLANG_ANALYZER_NUMBER_OBJECT_CONVERSION = YES_AGGRESSIVE;
				CLANG_CXX_LANGUAGE_STANDARD = "gnu++20";
				CLANG_ENABLE_MODULES = YES;
				CLANG_ENABLE_OBJC_ARC = YES;
				CLANG_ENABLE_OBJC_WEAK = YES;
				CLANG_WARN_BLOCK_CAPTURE_AUTORELEASING = YES;
				CLANG_WARN_BOOL_CONVERSION = YES;
				CLANG_WARN_COMMA = YES;
				CLANG_WARN_CONSTANT_CONVERSION = YES;
				CLANG_WARN_DEPRECATED_OBJC_IMPLEMENTATIONS = YES;
				CLANG_WARN_DIRECT_OBJC_ISA_USAGE = YES_ERROR;
				CLANG_WARN_DOCUMENTATION_COMMENTS = YES;
				CLANG_WARN_EMPTY_BODY = YES;
				CLANG_WARN_ENUM_CONVERSION = YES;
				CLANG_WARN_INFINITE_RECURSION = YES;
				CLANG_WARN_INT_CONVERSION = YES;
				CLANG_WARN_NON_LITERAL_NULL_CONVERSION = YES;
				CLANG_WARN_OBJC_IMPLICIT_RETAIN_SELF = YES;
				CLANG_WARN_OBJC_LITERAL_CONVERSION = YES;
				CLANG_WARN_OBJC_ROOT_CLASS = YES_ERROR;
				CLANG_WARN_QUOTED_INCLUDE_IN_FRAMEWORK_HEADER = YES;
				CLANG_WARN_RANGE_LOOP_ANALYSIS = YES;
				CLANG_WARN_STRICT_PROTOTYPES = YES;
				CLANG_WARN_SUSPICIOUS_MOVE = YES;
				CLANG_WARN_UNGUARDED_AVAILABILITY = YES_AGGRESSIVE;
				CLANG_WARN_UNREACHABLE_CODE = YES;
				CLANG_WARN__DUPLICATE_METHOD_MATCH = YES;
				COPY_PHASE_STRIP = NO;
				DEBUG_INFORMATION_FORMAT = "dwarf-with-dsym";
				ENABLE_NS_ASSERTIONS = NO;
				ENABLE_STRICT_OBJC_MSGSEND = YES;
				ENABLE_USER_SCRIPT_SANDBOXING = YES;
				GCC_C_LANGUAGE_STANDARD = gnu17;
				GCC_NO_COMMON_BLOCKS = YES;
				GCC_WARN_64_TO_32_BIT_CONVERSION = YES;
				GCC_WARN_ABOUT_RETURN_TYPE = YES_ERROR;
				GCC_WARN_UNDECLARED_SELECTOR = YES;
				GCC_WARN_UNINITIALIZED_AUTOS = YES_AGGRESSIVE;
				GCC_WARN_UNUSED_FUNCTION = YES;
				GCC_WARN_UNUSED_VARIABLE = YES;
				IPHONEOS_DEPLOYMENT_TARGET = 17.0;
				LOCALIZATION_PREFERS_STRING_CATALOGS = YES;
				MTL_ENABLE_DEBUG_INFO = NO;
				MTL_FAST_MATH = YES;
				SDKROOT = iphoneos;
				SWIFT_COMPILATION_MODE = wholemodule;
				VALIDATE_PRODUCT = YES;
			};
			name = Release;
		};
		8F5196FD2B054E1300A0A932 /* Debug */ = {
			isa = XCBuildConfiguration;
			baseConfigurationReference = D027FB12475177FA220EDBB4 /* Pods-contactsRxSwift.debug.xcconfig */;
			buildSettings = {
				ASSETCATALOG_COMPILER_APPICON_NAME = AppIcon;
				ASSETCATALOG_COMPILER_GLOBAL_ACCENT_COLOR_NAME = AccentColor;
				CODE_SIGN_STYLE = Automatic;
				CURRENT_PROJECT_VERSION = 1;
				DEVELOPMENT_TEAM = HH2S8UQAJA;
				ENABLE_USER_SCRIPT_SANDBOXING = NO;
				GENERATE_INFOPLIST_FILE = YES;
				INFOPLIST_FILE = contactsRxSwift/Info.plist;
				INFOPLIST_KEY_UIApplicationSupportsIndirectInputEvents = YES;
				INFOPLIST_KEY_UILaunchStoryboardName = LaunchScreen;
				INFOPLIST_KEY_UIMainStoryboardFile = Main;
				INFOPLIST_KEY_UISupportedInterfaceOrientations_iPad = "UIInterfaceOrientationPortrait UIInterfaceOrientationPortraitUpsideDown UIInterfaceOrientationLandscapeLeft UIInterfaceOrientationLandscapeRight";
				INFOPLIST_KEY_UISupportedInterfaceOrientations_iPhone = "UIInterfaceOrientationPortrait UIInterfaceOrientationLandscapeLeft UIInterfaceOrientationLandscapeRight";
				IPHONEOS_DEPLOYMENT_TARGET = 13.0;
				LD_RUNPATH_SEARCH_PATHS = (
					"$(inherited)",
					"@executable_path/Frameworks",
				);
				MARKETING_VERSION = 1.0;
				PRODUCT_BUNDLE_IDENTIFIER = pierre.contactsRxSwift;
				PRODUCT_NAME = "$(TARGET_NAME)";
				SUPPORTED_PLATFORMS = "iphoneos iphonesimulator";
				SUPPORTS_MACCATALYST = NO;
				SUPPORTS_MAC_DESIGNED_FOR_IPHONE_IPAD = NO;
				SWIFT_EMIT_LOC_STRINGS = YES;
				SWIFT_VERSION = 5.0;
				TARGETED_DEVICE_FAMILY = "1,2";
			};
			name = Debug;
		};
		8F5196FE2B054E1300A0A932 /* Release */ = {
			isa = XCBuildConfiguration;
			baseConfigurationReference = 4925F2E51D9343D969B0ADA1 /* Pods-contactsRxSwift.release.xcconfig */;
			buildSettings = {
				ASSETCATALOG_COMPILER_APPICON_NAME = AppIcon;
				ASSETCATALOG_COMPILER_GLOBAL_ACCENT_COLOR_NAME = AccentColor;
				CODE_SIGN_STYLE = Automatic;
				CURRENT_PROJECT_VERSION = 1;
				DEVELOPMENT_TEAM = HH2S8UQAJA;
				ENABLE_USER_SCRIPT_SANDBOXING = NO;
				GENERATE_INFOPLIST_FILE = YES;
				INFOPLIST_FILE = contactsRxSwift/Info.plist;
				INFOPLIST_KEY_UIApplicationSupportsIndirectInputEvents = YES;
				INFOPLIST_KEY_UILaunchStoryboardName = LaunchScreen;
				INFOPLIST_KEY_UIMainStoryboardFile = Main;
				INFOPLIST_KEY_UISupportedInterfaceOrientations_iPad = "UIInterfaceOrientationPortrait UIInterfaceOrientationPortraitUpsideDown UIInterfaceOrientationLandscapeLeft UIInterfaceOrientationLandscapeRight";
				INFOPLIST_KEY_UISupportedInterfaceOrientations_iPhone = "UIInterfaceOrientationPortrait UIInterfaceOrientationLandscapeLeft UIInterfaceOrientationLandscapeRight";
				IPHONEOS_DEPLOYMENT_TARGET = 13.0;
				LD_RUNPATH_SEARCH_PATHS = (
					"$(inherited)",
					"@executable_path/Frameworks",
				);
				MARKETING_VERSION = 1.0;
				PRODUCT_BUNDLE_IDENTIFIER = pierre.contactsRxSwift;
				PRODUCT_NAME = "$(TARGET_NAME)";
				SUPPORTED_PLATFORMS = "iphoneos iphonesimulator";
				SUPPORTS_MACCATALYST = NO;
				SUPPORTS_MAC_DESIGNED_FOR_IPHONE_IPAD = NO;
				SWIFT_EMIT_LOC_STRINGS = YES;
				SWIFT_VERSION = 5.0;
				TARGETED_DEVICE_FAMILY = "1,2";
			};
			name = Release;
		};
/* End XCBuildConfiguration section */

/* Begin XCConfigurationList section */
		8F5196E32B054E1200A0A932 /* Build configuration list for PBXProject "contactsRxSwift" */ = {
			isa = XCConfigurationList;
			buildConfigurations = (
				8F5196FA2B054E1300A0A932 /* Debug */,
				8F5196FB2B054E1300A0A932 /* Release */,
			);
			defaultConfigurationIsVisible = 0;
			defaultConfigurationName = Release;
		};
		8F5196FC2B054E1300A0A932 /* Build configuration list for PBXNativeTarget "contactsRxSwift" */ = {
			isa = XCConfigurationList;
			buildConfigurations = (
				8F5196FD2B054E1300A0A932 /* Debug */,
				8F5196FE2B054E1300A0A932 /* Release */,
			);
			defaultConfigurationIsVisible = 0;
			defaultConfigurationName = Release;
		};
/* End XCConfigurationList section */
	};
	rootObject = 8F5196E02B054E1200A0A932 /* Project object */;
}
